{
  "name": "gh-switcher",
  "version": "0.1.0",
  "lockfileVersion": 3,
  "requires": true,
  "packages": {
    "": {
      "name": "gh-switcher",
      "version": "0.1.0",
      "license": "MIT",
      "os": [
        "darwin",
        "linux",
        "!win32"
      ],
      "dependencies": {
        "gh-switcher": "file:test-npm-install/gh-switcher-0.1.0.tgz"
      },
      "bin": {
        "ghs": "gh-switcher.sh"
      },
      "engines": {
        "node": ">=14.0.0"
      }
    },
    "node_modules/gh-switcher": {
      "version": "0.1.0",
      "resolved": "file:test-npm-install/gh-switcher-0.1.0.tgz",
      "integrity": "sha512-pHWIFr/bGx1w4lpIwAGPkz+pxJ9as8rJ7QPiWvDx54v03sMriurgqWOw2YlUc6RFIs+blvMwVtW+ny0ljXh5ug==",
      "license": "MIT",
      "os": [
        "darwin",
        "linux",
        "!win32"
      ],
      "bin": {
        "ghs": "gh-switcher.sh"
      },
      "engines": {
        "node": ">=14.0.0"
      }
    }
  }
}
